// !$*UTF8*$!
{
	archiveVersion = 1;
	classes = {
	};
	objectVersion = 50;
	objects = {

/* Begin PBXBuildFile section */
		2D35B02E2683ACA700DDC385 /* SwiftUI_GoodWeatherApp.swift in Sources */ = {isa = PBXBuildFile; fileRef = 2D35B02D2683ACA700DDC385 /* SwiftUI_GoodWeatherApp.swift */; };
		2D35B0302683ACA700DDC385 /* ContentView.swift in Sources */ = {isa = PBXBuildFile; fileRef = 2D35B02F2683ACA700DDC385 /* ContentView.swift */; };
		2D35B0322683ACAB00DDC385 /* Assets.xcassets in Resources */ = {isa = PBXBuildFile; fileRef = 2D35B0312683ACAB00DDC385 /* Assets.xcassets */; };
		2D35B0352683ACAB00DDC385 /* Preview Assets.xcassets in Resources */ = {isa = PBXBuildFile; fileRef = 2D35B0342683ACAB00DDC385 /* Preview Assets.xcassets */; };
		2D35B0402683ACAC00DDC385 /* SwiftUI_GoodWeatherTests.swift in Sources */ = {isa = PBXBuildFile; fileRef = 2D35B03F2683ACAC00DDC385 /* SwiftUI_GoodWeatherTests.swift */; };
		2D35B04B2683ACAC00DDC385 /* SwiftUI_GoodWeatherUITests.swift in Sources */ = {isa = PBXBuildFile; fileRef = 2D35B04A2683ACAC00DDC385 /* SwiftUI_GoodWeatherUITests.swift */; };
/* End PBXBuildFile section */

/* Begin PBXContainerItemProxy section */
		2D35B03C2683ACAC00DDC385 /* PBXContainerItemProxy */ = {
			isa = PBXContainerItemProxy;
			containerPortal = 2D35B0222683ACA700DDC385 /* Project object */;
			proxyType = 1;
			remoteGlobalIDString = 2D35B0292683ACA700DDC385;
			remoteInfo = "SwiftUI-GoodWeather";
		};
		2D35B0472683ACAC00DDC385 /* PBXContainerItemProxy */ = {
			isa = PBXContainerItemProxy;
			containerPortal = 2D35B0222683ACA700DDC385 /* Project object */;
			proxyType = 1;
			remoteGlobalIDString = 2D35B0292683ACA700DDC385;
			remoteInfo = "SwiftUI-GoodWeather";
		};
/* End PBXContainerItemProxy section */

/* Begin PBXFileReference section */
		2D35B02A2683ACA700DDC385 /* SwiftUI-GoodWeather.app */ = {isa = PBXFileReference; explicitFileType = wrapper.application; includeInIndex = 0; path = "SwiftUI-GoodWeather.app"; sourceTree = BUILT_PRODUCTS_DIR; };
		2D35B02D2683ACA700DDC385 /* SwiftUI_GoodWeatherApp.swift */ = {isa = PBXFileReference; lastKnownFileType = sourcecode.swift; path = SwiftUI_GoodWeatherApp.swift; sourceTree = "<group>"; };
		2D35B02F2683ACA700DDC385 /* ContentView.swift */ = {isa = PBXFileReference; lastKnownFileType = sourcecode.swift; path = ContentView.swift; sourceTree = "<group>"; };
		2D35B0312683ACAB00DDC385 /* Assets.xcassets */ = {isa = PBXFileReference; lastKnownFileType = folder.assetcatalog; path = Assets.xcassets; sourceTree = "<group>"; };
		2D35B0342683ACAB00DDC385 /* Preview Assets.xcassets */ = {isa = PBXFileReference; lastKnownFileType = folder.assetcatalog; path = "Preview Assets.xcassets"; sourceTree = "<group>"; };
		2D35B0362683ACAB00DDC385 /* Info.plist */ = {isa = PBXFileReference; lastKnownFileType = text.plist.xml; path = Info.plist; sourceTree = "<group>"; };
		2D35B03B2683ACAC00DDC385 /* SwiftUI-GoodWeatherTests.xctest */ = {isa = PBXFileReference; explicitFileType = wrapper.cfbundle; includeInIndex = 0; path = "SwiftUI-GoodWeatherTests.xctest"; sourceTree = BUILT_PRODUCTS_DIR; };
		2D35B03F2683ACAC00DDC385 /* SwiftUI_GoodWeatherTests.swift */ = {isa = PBXFileReference; lastKnownFileType = sourcecode.swift; path = SwiftUI_GoodWeatherTests.swift; sourceTree = "<group>"; };
		2D35B0412683ACAC00DDC385 /* Info.plist */ = {isa = PBXFileReference; lastKnownFileType = text.plist.xml; path = Info.plist; sourceTree = "<group>"; };
		2D35B0462683ACAC00DDC385 /* SwiftUI-GoodWeatherUITests.xctest */ = {isa = PBXFileReference; explicitFileType = wrapper.cfbundle; includeInIndex = 0; path = "SwiftUI-GoodWeatherUITests.xctest"; sourceTree = BUILT_PRODUCTS_DIR; };
		2D35B04A2683ACAC00DDC385 /* SwiftUI_GoodWeatherUITests.swift */ = {isa = PBXFileReference; lastKnownFileType = sourcecode.swift; path = SwiftUI_GoodWeatherUITests.swift; sourceTree = "<group>"; };
		2D35B04C2683ACAC00DDC385 /* Info.plist */ = {isa = PBXFileReference; lastKnownFileType = text.plist.xml; path = Info.plist; sourceTree = "<group>"; };
/* End PBXFileReference section */

/* Begin PBXFrameworksBuildPhase section */
		2D35B0272683ACA700DDC385 /* Frameworks */ = {
			isa = PBXFrameworksBuildPhase;
			buildActionMask = 2147483647;
			files = (
			);
			runOnlyForDeploymentPostprocessing = 0;
		};
		2D35B0382683ACAC00DDC385 /* Frameworks */ = {
			isa = PBXFrameworksBuildPhase;
			buildActionMask = 2147483647;
			files = (
			);
			runOnlyForDeploymentPostprocessing = 0;
		};
		2D35B0432683ACAC00DDC385 /* Frameworks */ = {
			isa = PBXFrameworksBuildPhase;
			buildActionMask = 2147483647;
			files = (
			);
			runOnlyForDeploymentPostprocessing = 0;
		};
/* End PBXFrameworksBuildPhase section */

/* Begin PBXGroup section */
		2D35B0212683ACA700DDC385 = {
			isa = PBXGroup;
			children = (
				2D35B02C2683ACA700DDC385 /* SwiftUI-GoodWeather */,
				2D35B03E2683ACAC00DDC385 /* SwiftUI-GoodWeatherTests */,
				2D35B0492683ACAC00DDC385 /* SwiftUI-GoodWeatherUITests */,
				2D35B02B2683ACA700DDC385 /* Products */,
			);
			sourceTree = "<group>";
		};
		2D35B02B2683ACA700DDC385 /* Products */ = {
			isa = PBXGroup;
			children = (
				2D35B02A2683ACA700DDC385 /* SwiftUI-GoodWeather.app */,
				2D35B03B2683ACAC00DDC385 /* SwiftUI-GoodWeatherTests.xctest */,
				2D35B0462683ACAC00DDC385 /* SwiftUI-GoodWeatherUITests.xctest */,
			);
			name = Products;
			sourceTree = "<group>";
		};
		2D35B02C2683ACA700DDC385 /* SwiftUI-GoodWeather */ = {
			isa = PBXGroup;
			children = (
				2D35B02D2683ACA700DDC385 /* SwiftUI_GoodWeatherApp.swift */,
				2D35B02F2683ACA700DDC385 /* ContentView.swift */,
				2D35B0312683ACAB00DDC385 /* Assets.xcassets */,
				2D35B0362683ACAB00DDC385 /* Info.plist */,
				2D35B0332683ACAB00DDC385 /* Preview Content */,
			);
			path = "SwiftUI-GoodWeather";
			sourceTree = "<group>";
		};
		2D35B0332683ACAB00DDC385 /* Preview Content */ = {
			isa = PBXGroup;
			children = (
				2D35B0342683ACAB00DDC385 /* Preview Assets.xcassets */,
			);
			path = "Preview Content";
			sourceTree = "<group>";
		};
		2D35B03E2683ACAC00DDC385 /* SwiftUI-GoodWeatherTests */ = {
			isa = PBXGroup;
			children = (
				2D35B03F2683ACAC00DDC385 /* SwiftUI_GoodWeatherTests.swift */,
				2D35B0412683ACAC00DDC385 /* Info.plist */,
			);
			path = "SwiftUI-GoodWeatherTests";
			sourceTree = "<group>";
		};
		2D35B0492683ACAC00DDC385 /* SwiftUI-GoodWeatherUITests */ = {
			isa = PBXGroup;
			children = (
				2D35B04A2683ACAC00DDC385 /* SwiftUI_GoodWeatherUITests.swift */,
				2D35B04C2683ACAC00DDC385 /* Info.plist */,
			);
			path = "SwiftUI-GoodWeatherUITests";
			sourceTree = "<group>";
		};
/* End PBXGroup section */

/* Begin PBXNativeTarget section */
		2D35B0292683ACA700DDC385 /* SwiftUI-GoodWeather */ = {
			isa = PBXNativeTarget;
			buildConfigurationList = 2D35B04F2683ACAC00DDC385 /* Build configuration list for PBXNativeTarget "SwiftUI-GoodWeather" */;
			buildPhases = (
				2D35B0262683ACA700DDC385 /* Sources */,
				2D35B0272683ACA700DDC385 /* Frameworks */,
				2D35B0282683ACA700DDC385 /* Resources */,
			);
			buildRules = (
			);
			dependencies = (
			);
			name = "SwiftUI-GoodWeather";
			productName = "SwiftUI-GoodWeather";
			productReference = 2D35B02A2683ACA700DDC385 /* SwiftUI-GoodWeather.app */;
			productType = "com.apple.product-type.application";
		};
		2D35B03A2683ACAC00DDC385 /* SwiftUI-GoodWeatherTests */ = {
			isa = PBXNativeTarget;
			buildConfigurationList = 2D35B0522683ACAC00DDC385 /* Build configuration list for PBXNativeTarget "SwiftUI-GoodWeatherTests" */;
			buildPhases = (
				2D35B0372683ACAC00DDC385 /* Sources */,
				2D35B0382683ACAC00DDC385 /* Frameworks */,
				2D35B0392683ACAC00DDC385 /* Resources */,
			);
			buildRules = (
			);
			dependencies = (
				2D35B03D2683ACAC00DDC385 /* PBXTargetDependency */,
			);
			name = "SwiftUI-GoodWeatherTests";
			productName = "SwiftUI-GoodWeatherTests";
			productReference = 2D35B03B2683ACAC00DDC385 /* SwiftUI-GoodWeatherTests.xctest */;
			productType = "com.apple.product-type.bundle.unit-test";
		};
		2D35B0452683ACAC00DDC385 /* SwiftUI-GoodWeatherUITests */ = {
			isa = PBXNativeTarget;
			buildConfigurationList = 2D35B0552683ACAC00DDC385 /* Build configuration list for PBXNativeTarget "SwiftUI-GoodWeatherUITests" */;
			buildPhases = (
				2D35B0422683ACAC00DDC385 /* Sources */,
				2D35B0432683ACAC00DDC385 /* Frameworks */,
				2D35B0442683ACAC00DDC385 /* Resources */,
			);
			buildRules = (
			);
			dependencies = (
				2D35B0482683ACAC00DDC385 /* PBXTargetDependency */,
			);
			name = "SwiftUI-GoodWeatherUITests";
			productName = "SwiftUI-GoodWeatherUITests";
			productReference = 2D35B0462683ACAC00DDC385 /* SwiftUI-GoodWeatherUITests.xctest */;
			productType = "com.apple.product-type.bundle.ui-testing";
		};
/* End PBXNativeTarget section */

/* Begin PBXProject section */
		2D35B0222683ACA700DDC385 /* Project object */ = {
			isa = PBXProject;
			attributes = {
				LastSwiftUpdateCheck = 1240;
				LastUpgradeCheck = 1240;
				TargetAttributes = {
					2D35B0292683ACA700DDC385 = {
						CreatedOnToolsVersion = 12.4;
					};
					2D35B03A2683ACAC00DDC385 = {
						CreatedOnToolsVersion = 12.4;
						TestTargetID = 2D35B0292683ACA700DDC385;
					};
					2D35B0452683ACAC00DDC385 = {
						CreatedOnToolsVersion = 12.4;
						TestTargetID = 2D35B0292683ACA700DDC385;
					};
				};
			};
			buildConfigurationList = 2D35B0252683ACA700DDC385 /* Build configuration list for PBXProject "SwiftUI-GoodWeather" */;
			compatibilityVersion = "Xcode 9.3";
			developmentRegion = en;
			hasScannedForEncodings = 0;
			knownRegions = (
				en,
				Base,
			);
			mainGroup = 2D35B0212683ACA700DDC385;
			productRefGroup = 2D35B02B2683ACA700DDC385 /* Products */;
			projectDirPath = "";
			projectRoot = "";
			targets = (
				2D35B0292683ACA700DDC385 /* SwiftUI-GoodWeather */,
				2D35B03A2683ACAC00DDC385 /* SwiftUI-GoodWeatherTests */,
				2D35B0452683ACAC00DDC385 /* SwiftUI-GoodWeatherUITests */,
			);
		};
/* End PBXProject section */

/* Begin PBXResourcesBuildPhase section */
		2D35B0282683ACA700DDC385 /* Resources */ = {
			isa = PBXResourcesBuildPhase;
			buildActionMask = 2147483647;
			files = (
				2D35B0352683ACAB00DDC385 /* Preview Assets.xcassets in Resources */,
				2D35B0322683ACAB00DDC385 /* Assets.xcassets in Resources */,
			);
			runOnlyForDeploymentPostprocessing = 0;
		};
		2D35B0392683ACAC00DDC385 /* Resources */ = {
			isa = PBXResourcesBuildPhase;
			buildActionMask = 2147483647;
			files = (
			);
			runOnlyForDeploymentPostprocessing = 0;
		};
		2D35B0442683ACAC00DDC385 /* Resources */ = {
			isa = PBXResourcesBuildPhase;
			buildActionMask = 2147483647;
			files = (
			);
			runOnlyForDeploymentPostprocessing = 0;
		};
/* End PBXResourcesBuildPhase section */

/* Begin PBXSourcesBuildPhase section */
		2D35B0262683ACA700DDC385 /* Sources */ = {
			isa = PBXSourcesBuildPhase;
			buildActionMask = 2147483647;
			files = (
				2D35B0302683ACA700DDC385 /* ContentView.swift in Sources */,
				2D35B02E2683ACA700DDC385 /* SwiftUI_GoodWeatherApp.swift in Sources */,
			);
			runOnlyForDeploymentPostprocessing = 0;
		};
		2D35B0372683ACAC00DDC385 /* Sources */ = {
			isa = PBXSourcesBuildPhase;
			buildActionMask = 2147483647;
			files = (
				2D35B0402683ACAC00DDC385 /* SwiftUI_GoodWeatherTests.swift in Sources */,
			);
			runOnlyForDeploymentPostprocessing = 0;
		};
		2D35B0422683ACAC00DDC385 /* Sources */ = {
			isa = PBXSourcesBuildPhase;
			buildActionMask = 2147483647;
			files = (
				2D35B04B2683ACAC00DDC385 /* SwiftUI_GoodWeatherUITests.swift in Sources */,
			);
			runOnlyForDeploymentPostprocessing = 0;
		};
/* End PBXSourcesBuildPhase section */

/* Begin PBXTargetDependency section */
		2D35B03D2683ACAC00DDC385 /* PBXTargetDependency */ = {
			isa = PBXTargetDependency;
			target = 2D35B0292683ACA700DDC385 /* SwiftUI-GoodWeather */;
			targetProxy = 2D35B03C2683ACAC00DDC385 /* PBXContainerItemProxy */;
		};
		2D35B0482683ACAC00DDC385 /* PBXTargetDependency */ = {
			isa = PBXTargetDependency;
			target = 2D35B0292683ACA700DDC385 /* SwiftUI-GoodWeather */;
			targetProxy = 2D35B0472683ACAC00DDC385 /* PBXContainerItemProxy */;
		};
/* End PBXTargetDependency section */

/* Begin XCBuildConfiguration section */
		2D35B04D2683ACAC00DDC385 /* Debug */ = {
			isa = XCBuildConfiguration;
			buildSettings = {
				ALWAYS_SEARCH_USER_PATHS = NO;
				CLANG_ANALYZER_NONNULL = YES;
				CLANG_ANALYZER_NUMBER_OBJECT_CONVERSION = YES_AGGRESSIVE;
				CLANG_CXX_LANGUAGE_STANDARD = "gnu++14";
				CLANG_CXX_LIBRARY = "libc++";
				CLANG_ENABLE_MODULES = YES;
				CLANG_ENABLE_OBJC_ARC = YES;
				CLANG_ENABLE_OBJC_WEAK = YES;
				CLANG_WARN_BLOCK_CAPTURE_AUTORELEASING = YES;
				CLANG_WARN_BOOL_CONVERSION = YES;
				CLANG_WARN_COMMA = YES;
				CLANG_WARN_CONSTANT_CONVERSION = YES;
				CLANG_WARN_DEPRECATED_OBJC_IMPLEMENTATIONS = YES;
				CLANG_WARN_DIRECT_OBJC_ISA_USAGE = YES_ERROR;
				CLANG_WARN_DOCUMENTATION_COMMENTS = YES;
				CLANG_WARN_EMPTY_BODY = YES;
				CLANG_WARN_ENUM_CONVERSION = YES;
				CLANG_WARN_INFINITE_RECURSION = YES;
				CLANG_WARN_INT_CONVERSION = YES;
				CLANG_WARN_NON_LITERAL_NULL_CONVERSION = YES;
				CLANG_WARN_OBJC_IMPLICIT_RETAIN_SELF = YES;
				CLANG_WARN_OBJC_LITERAL_CONVERSION = YES;
				CLANG_WARN_OBJC_ROOT_CLASS = YES_ERROR;
				CLANG_WARN_QUOTED_INCLUDE_IN_FRAMEWORK_HEADER = YES;
				CLANG_WARN_RANGE_LOOP_ANALYSIS = YES;
				CLANG_WARN_STRICT_PROTOTYPES = YES;
				CLANG_WARN_SUSPICIOUS_MOVE = YES;
				CLANG_WARN_UNGUARDED_AVAILABILITY = YES_AGGRESSIVE;
				CLANG_WARN_UNREACHABLE_CODE = YES;
				CLANG_WARN__DUPLICATE_METHOD_MATCH = YES;
				COPY_PHASE_STRIP = NO;
				DEBUG_INFORMATION_FORMAT = dwarf;
				ENABLE_STRICT_OBJC_MSGSEND = YES;
				ENABLE_TESTABILITY = YES;
				GCC_C_LANGUAGE_STANDARD = gnu11;
				GCC_DYNAMIC_NO_PIC = NO;
				GCC_NO_COMMON_BLOCKS = YES;
				GCC_OPTIMIZATION_LEVEL = 0;
				GCC_PREPROCESSOR_DEFINITIONS = (
					"DEBUG=1",
					"$(inherited)",
				);
				GCC_WARN_64_TO_32_BIT_CONVERSION = YES;
				GCC_WARN_ABOUT_RETURN_TYPE = YES_ERROR;
				GCC_WARN_UNDECLARED_SELECTOR = YES;
				GCC_WARN_UNINITIALIZED_AUTOS = YES_AGGRESSIVE;
				GCC_WARN_UNUSED_FUNCTION = YES;
				GCC_WARN_UNUSED_VARIABLE = YES;
				IPHONEOS_DEPLOYMENT_TARGET = 14.4;
				MTL_ENABLE_DEBUG_INFO = INCLUDE_SOURCE;
				MTL_FAST_MATH = YES;
				ONLY_ACTIVE_ARCH = YES;
				SDKROOT = iphoneos;
				SWIFT_ACTIVE_COMPILATION_CONDITIONS = DEBUG;
				SWIFT_OPTIMIZATION_LEVEL = "-Onone";
			};
			name = Debug;
		};
		2D35B04E2683ACAC00DDC385 /* Release */ = {
			isa = XCBuildConfiguration;
			buildSettings = {
				ALWAYS_SEARCH_USER_PATHS = NO;
				CLANG_ANALYZER_NONNULL = YES;
				CLANG_ANALYZER_NUMBER_OBJECT_CONVERSION = YES_AGGRESSIVE;
				CLANG_CXX_LANGUAGE_STANDARD = "gnu++14";
				CLANG_CXX_LIBRARY = "libc++";
				CLANG_ENABLE_MODULES = YES;
				CLANG_ENABLE_OBJC_ARC = YES;
				CLANG_ENABLE_OBJC_WEAK = YES;
				CLANG_WARN_BLOCK_CAPTURE_AUTORELEASING = YES;
				CLANG_WARN_BOOL_CONVERSION = YES;
				CLANG_WARN_COMMA = YES;
				CLANG_WARN_CONSTANT_CONVERSION = YES;
				CLANG_WARN_DEPRECATED_OBJC_IMPLEMENTATIONS = YES;
				CLANG_WARN_DIRECT_OBJC_ISA_USAGE = YES_ERROR;
				CLANG_WARN_DOCUMENTATION_COMMENTS = YES;
				CLANG_WARN_EMPTY_BODY = YES;
				CLANG_WARN_ENUM_CONVERSION = YES;
				CLANG_WARN_INFINITE_RECURSION = YES;
				CLANG_WARN_INT_CONVERSION = YES;
				CLANG_WARN_NON_LITERAL_NULL_CONVERSION = YES;
				CLANG_WARN_OBJC_IMPLICIT_RETAIN_SELF = YES;
				CLANG_WARN_OBJC_LITERAL_CONVERSION = YES;
				CLANG_WARN_OBJC_ROOT_CLASS = YES_ERROR;
				CLANG_WARN_QUOTED_INCLUDE_IN_FRAMEWORK_HEADER = YES;
				CLANG_WARN_RANGE_LOOP_ANALYSIS = YES;
				CLANG_WARN_STRICT_PROTOTYPES = YES;
				CLANG_WARN_SUSPICIOUS_MOVE = YES;
				CLANG_WARN_UNGUARDED_AVAILABILITY = YES_AGGRESSIVE;
				CLANG_WARN_UNREACHABLE_CODE = YES;
				CLANG_WARN__DUPLICATE_METHOD_MATCH = YES;
				COPY_PHASE_STRIP = NO;
				DEBUG_INFORMATION_FORMAT = "dwarf-with-dsym";
				ENABLE_NS_ASSERTIONS = NO;
				ENABLE_STRICT_OBJC_MSGSEND = YES;
				GCC_C_LANGUAGE_STANDARD = gnu11;
				GCC_NO_COMMON_BLOCKS = YES;
				GCC_WARN_64_TO_32_BIT_CONVERSION = YES;
				GCC_WARN_ABOUT_RETURN_TYPE = YES_ERROR;
				GCC_WARN_UNDECLARED_SELECTOR = YES;
				GCC_WARN_UNINITIALIZED_AUTOS = YES_AGGRESSIVE;
				GCC_WARN_UNUSED_FUNCTION = YES;
				GCC_WARN_UNUSED_VARIABLE = YES;
				IPHONEOS_DEPLOYMENT_TARGET = 14.4;
				MTL_ENABLE_DEBUG_INFO = NO;
				MTL_FAST_MATH = YES;
				SDKROOT = iphoneos;
				SWIFT_COMPILATION_MODE = wholemodule;
				SWIFT_OPTIMIZATION_LEVEL = "-O";
				VALIDATE_PRODUCT = YES;
			};
			name = Release;
		};
		2D35B0502683ACAC00DDC385 /* Debug */ = {
			isa = XCBuildConfiguration;
			buildSettings = {
				ASSETCATALOG_COMPILER_APPICON_NAME = AppIcon;
				ASSETCATALOG_COMPILER_GLOBAL_ACCENT_COLOR_NAME = AccentColor;
				CODE_SIGN_STYLE = Automatic;
				DEVELOPMENT_ASSET_PATHS = "\"SwiftUI-GoodWeather/Preview Content\"";
				DEVELOPMENT_TEAM = AAWXZ6PH5F;
				ENABLE_PREVIEWS = YES;
				INFOPLIST_FILE = "SwiftUI-GoodWeather/Info.plist";
				IPHONEOS_DEPLOYMENT_TARGET = 14.0;
				LD_RUNPATH_SEARCH_PATHS = (
					"$(inherited)",
					"@executable_path/Frameworks",
				);
				PRODUCT_BUNDLE_IDENTIFIER = "Techzi.SwiftUI-GoodWeather";
				PRODUCT_NAME = "$(TARGET_NAME)";
				SWIFT_VERSION = 5.0;
				TARGETED_DEVICE_FAMILY = "1,2";
			};
			name = Debug;
		};
		2D35B0512683ACAC00DDC385 /* Release */ = {
			isa = XCBuildConfiguration;
			buildSettings = {
				ASSETCATALOG_COMPILER_APPICON_NAME = AppIcon;
				ASSETCATALOG_COMPILER_GLOBAL_ACCENT_COLOR_NAME = AccentColor;
				CODE_SIGN_STYLE = Automatic;
				DEVELOPMENT_ASSET_PATHS = "\"SwiftUI-GoodWeather/Preview Content\"";
				DEVELOPMENT_TEAM = AAWXZ6PH5F;
				ENABLE_PREVIEWS = YES;
				INFOPLIST_FILE = "SwiftUI-GoodWeather/Info.plist";
				IPHONEOS_DEPLOYMENT_TARGET = 14.0;
				LD_RUNPATH_SEARCH_PATHS = (
					"$(inherited)",
					"@executable_path/Frameworks",
				);
				PRODUCT_BUNDLE_IDENTIFIER = "Techzi.SwiftUI-GoodWeather";
				PRODUCT_NAME = "$(TARGET_NAME)";
				SWIFT_VERSION = 5.0;
				TARGETED_DEVICE_FAMILY = "1,2";
			};
			name = Release;
		};
		2D35B0532683ACAC00DDC385 /* Debug */ = {
			isa = XCBuildConfiguration;
			buildSettings = {
				ALWAYS_EMBED_SWIFT_STANDARD_LIBRARIES = YES;
				BUNDLE_LOADER = "$(TEST_HOST)";
				CODE_SIGN_STYLE = Automatic;
				DEVELOPMENT_TEAM = AAWXZ6PH5F;
				INFOPLIST_FILE = "SwiftUI-GoodWeatherTests/Info.plist";
				IPHONEOS_DEPLOYMENT_TARGET = 14.0;
				LD_RUNPATH_SEARCH_PATHS = (
					"$(inherited)",
					"@executable_path/Frameworks",
					"@loader_path/Frameworks",
				);
				PRODUCT_BUNDLE_IDENTIFIER = "Techzi.SwiftUI-GoodWeatherTests";
				PRODUCT_NAME = "$(TARGET_NAME)";
				SWIFT_VERSION = 5.0;
				TARGETED_DEVICE_FAMILY = "1,2";
				TEST_HOST = "$(BUILT_PRODUCTS_DIR)/SwiftUI-GoodWeather.app/SwiftUI-GoodWeather";
			};
			name = Debug;
		};
		2D35B0542683ACAC00DDC385 /* Release */ = {
			isa = XCBuildConfiguration;
			buildSettings = {
				ALWAYS_EMBED_SWIFT_STANDARD_LIBRARIES = YES;
				BUNDLE_LOADER = "$(TEST_HOST)";
				CODE_SIGN_STYLE = Automatic;
				DEVELOPMENT_TEAM = AAWXZ6PH5F;
				INFOPLIST_FILE = "SwiftUI-GoodWeatherTests/Info.plist";
				IPHONEOS_DEPLOYMENT_TARGET = 14.0;
				LD_RUNPATH_SEARCH_PATHS = (
					"$(inherited)",
					"@executable_path/Frameworks",
					"@loader_path/Frameworks",
				);
				PRODUCT_BUNDLE_IDENTIFIER = "Techzi.SwiftUI-GoodWeatherTests";
				PRODUCT_NAME = "$(TARGET_NAME)";
				SWIFT_VERSION = 5.0;
				TARGETED_DEVICE_FAMILY = "1,2";
				TEST_HOST = "$(BUILT_PRODUCTS_DIR)/SwiftUI-GoodWeather.app/SwiftUI-GoodWeather";
			};
			name = Release;
		};
		2D35B0562683ACAC00DDC385 /* Debug */ = {
			isa = XCBuildConfiguration;
			buildSettings = {
				ALWAYS_EMBED_SWIFT_STANDARD_LIBRARIES = YES;
				CODE_SIGN_STYLE = Automatic;
				DEVELOPMENT_TEAM = AAWXZ6PH5F;
				INFOPLIST_FILE = "SwiftUI-GoodWeatherUITests/Info.plist";
				LD_RUNPATH_SEARCH_PATHS = (
					"$(inherited)",
					"@executable_path/Frameworks",
					"@loader_path/Frameworks",
				);
				PRODUCT_BUNDLE_IDENTIFIER = "Techzi.SwiftUI-GoodWeatherUITests";
				PRODUCT_NAME = "$(TARGET_NAME)";
				SWIFT_VERSION = 5.0;
				TARGETED_DEVICE_FAMILY = "1,2";
				TEST_TARGET_NAME = "SwiftUI-GoodWeather";
			};
			name = Debug;
		};
		2D35B0572683ACAC00DDC385 /* Release */ = {
			isa = XCBuildConfiguration;
			buildSettings = {
				ALWAYS_EMBED_SWIFT_STANDARD_LIBRARIES = YES;
				CODE_SIGN_STYLE = Automatic;
				DEVELOPMENT_TEAM = AAWXZ6PH5F;
				INFOPLIST_FILE = "SwiftUI-GoodWeatherUITests/Info.plist";
				LD_RUNPATH_SEARCH_PATHS = (
					"$(inherited)",
					"@executable_path/Frameworks",
					"@loader_path/Frameworks",
				);
				PRODUCT_BUNDLE_IDENTIFIER = "Techzi.SwiftUI-GoodWeatherUITests";
				PRODUCT_NAME = "$(TARGET_NAME)";
				SWIFT_VERSION = 5.0;
				TARGETED_DEVICE_FAMILY = "1,2";
				TEST_TARGET_NAME = "SwiftUI-GoodWeather";
			};
			name = Release;
		};
/* End XCBuildConfiguration section */

/* Begin XCConfigurationList section */
		2D35B0252683ACA700DDC385 /* Build configuration list for PBXProject "SwiftUI-GoodWeather" */ = {
			isa = XCConfigurationList;
			buildConfigurations = (
				2D35B04D2683ACAC00DDC385 /* Debug */,
				2D35B04E2683ACAC00DDC385 /* Release */,
			);
			defaultConfigurationIsVisible = 0;
			defaultConfigurationName = Release;
		};
		2D35B04F2683ACAC00DDC385 /* Build configuration list for PBXNativeTarget "SwiftUI-GoodWeather" */ = {
			isa = XCConfigurationList;
			buildConfigurations = (
				2D35B0502683ACAC00DDC385 /* Debug */,
				2D35B0512683ACAC00DDC385 /* Release */,
			);
			defaultConfigurationIsVisible = 0;
			defaultConfigurationName = Release;
		};
		2D35B0522683ACAC00DDC385 /* Build configuration list for PBXNativeTarget "SwiftUI-GoodWeatherTests" */ = {
			isa = XCConfigurationList;
			buildConfigurations = (
				2D35B0532683ACAC00DDC385 /* Debug */,
				2D35B0542683ACAC00DDC385 /* Release */,
			);
			defaultConfigurationIsVisible = 0;
			defaultConfigurationName = Release;
		};
		2D35B0552683ACAC00DDC385 /* Build configuration list for PBXNativeTarget "SwiftUI-GoodWeatherUITests" */ = {
			isa = XCConfigurationList;
			buildConfigurations = (
				2D35B0562683ACAC00DDC385 /* Debug */,
				2D35B0572683ACAC00DDC385 /* Release */,
			);
			defaultConfigurationIsVisible = 0;
			defaultConfigurationName = Release;
		};
/* End XCConfigurationList section */
	};
	rootObject = 2D35B0222683ACA700DDC385 /* Project object */;
}
